
Microsoft Visual Studio Solution File, Format Version 12.00
# Visual Studio 15
VisualStudioVersion = 15.0.28010.2016
MinimumVisualStudioVersion = 10.0.40219.1
Project("{FAE04EC0-301F-11D3-BF4B-00C04F79EFBC}") = "WWF", "WWF\WWF.csproj", "{3D6031C0-9A4B-4FB7-A56B-576F1DAABCE0}"
EndProject
Global
	GlobalSection(SolutionConfigurationPlatforms) = preSolution
		Debug|Any CPU = Debug|Any CPU
		Release|Any CPU = Release|Any CPU
	EndGlobalSection
	GlobalSection(ProjectConfigurationPlatforms) = postSolution
		{3D6031C0-9A4B-4FB7-A56B-576F1DAABCE0}.Debug|Any CPU.ActiveCfg = Debug|Any CPU
		{3D6031C0-9A4B-4FB7-A56B-576F1DAABCE0}.Debug|Any CPU.Build.0 = Debug|Any CPU
		{3D6031C0-9A4B-4FB7-A56B-576F1DAABCE0}.Release|Any CPU.ActiveCfg = Release|Any CPU
		{3D6031C0-9A4B-4FB7-A56B-576F1DAABCE0}.Release|Any CPU.Build.0 = Release|Any CPU
	EndGlobalSection
	GlobalSection(SolutionProperties) = preSolution
		HideSolutionNode = FALSE
	EndGlobalSection
	GlobalSection(ExtensibilityGlobals) = postSolution
		SolutionGuid = {4C3D97CB-AC23-4F92-B97A-B834F13BE742}
	EndGlobalSection
EndGlobal
